
Microsoft Visual Studio Solution File, Format Version 12.00
# Visual Studio Version 17
VisualStudioVersion = 17.8.34330.188
MinimumVisualStudioVersion = 10.0.40219.1
Project("{FAE04EC0-301F-11D3-BF4B-00C04F79EFBC}") = "School", "School.csproj", "{F4C265B3-D245-406E-B5F9-4EF34D136F57}"
EndProject
Global
	GlobalSection(SolutionConfigurationPlatforms) = preSolution
		Debug|Any CPU = Debug|Any CPU
		Release|Any CPU = Release|Any CPU
	EndGlobalSection
	GlobalSection(ProjectConfigurationPlatforms) = postSolution
		{F4C265B3-D245-406E-B5F9-4EF34D136F57}.Debug|Any CPU.ActiveCfg = Debug|Any CPU
		{F4C265B3-D245-406E-B5F9-4EF34D136F57}.Debug|Any CPU.Build.0 = Debug|Any CPU
		{F4C265B3-D245-406E-B5F9-4EF34D136F57}.Release|Any CPU.ActiveCfg = Release|Any CPU
		{F4C265B3-D245-406E-B5F9-4EF34D136F57}.Release|Any CPU.Build.0 = Release|Any CPU
	EndGlobalSection
	GlobalSection(SolutionProperties) = preSolution
		HideSolutionNode = FALSE
	EndGlobalSection
	GlobalSection(ExtensibilityGlobals) = postSolution
		SolutionGuid = {E89868B7-4565-426E-B70B-70DA18DB4B7C}
	EndGlobalSection
EndGlobal
